{
  "requires": true,
  "lockfileVersion": 1,
  "dependencies": {
    "cloudinary-jquery-file-upload": {
      "version": "2.8.1",
      "resolved": "https://registry.npmjs.org/cloudinary-jquery-file-upload/-/cloudinary-jquery-file-upload-2.8.1.tgz",
      "integrity": "sha512-+jLPjtWYpOCEk+J+Rh6dnbgf4vjqIaKtt8GhT4A99DNbL1EFYRo1/OiHwLH/IEJAnKCtlDhwrLmFJR+Yv4mMcw=="
    }
  }
}
